github.com/Rosettea/golua v0.0.0-20241104031959-5551ea280f23 h1:mUZnT0gmDEmTkqXsbnDbuJ3CNil7DCOMiCQYgjbKIdI=
github.com/Rosettea/golua v0.0.0-20241104031959-5551ea280f23/go.mod h1:9jzpYPiU2is0HVGCiuIOBSXdergHUW44IEjmuN1UrIE=
github.com/Rosettea/sh/v3 v3.4.0-0.dev.0.20240815163633-562273e09b73 h1:zTTUJqNnrF2qf4LgygN8Oae5Uxn6ewH0hA8jyTCHfXw=
github.com/Rosettea/sh/v3 v3.4.0-0.dev.0.20240815163633-562273e09b73/go.mod h1:YZalN5H7WNQw3DGij6IvHsEhn5YMW7M2FCwG6gnfKy4=
github.com/aarzilli/golua v0.0.0-20250217091409-248753f411c4 h1:gW5i3FQAMcbkNgo/A87gCKAbBMalAO8BlPIMo9Gk2Ow=
github.com/aarzilli/golua v0.0.0-20250217091409-248753f411c4/go.mod h1:hMjfaJVSqVnxenMlsxrq3Ni+vrm9Hs64tU4M7dhUoO4=
github.com/acarl005/stripansi v0.0.0-20180116102854-5a71ef0e047d h1:licZJFw2RwpHMqeKTCYkitsPqHNxTmd4SNR5r94FGM8=
github.com/acarl005/stripansi v0.0.0-20180116102854-5a71ef0e047d/go.mod h1:asat636LX7Bqt5lYEZ27JNDcqxfjdBQuJ/MM4CN/Lzo=
github.com/arnodel/strftime v0.1.6 h1:0hc0pUvk8KhEMXE+htyaOUV42zNcf/csIbjzEFCJqsw=
github.com/arnodel/strftime v0.1.6/go.mod h1:5NbK5XqYK8QpRZpqKNt4OlxLtIB8cotkLk4KTKzJfWs=
github.com/atsushinee/go-markdown-generator v0.0.0-20231027094725-92d26ffbe778 h1:iBzH7EQLFyjkpwXihHWf7QbbzfYfxAlyP4pTjCJbnMw=
github.com/atsushinee/go-markdown-generator v0.0.0-20231027094725-92d26ffbe778/go.mod h1:kHBCvAXJIatTX1pw6tLiOspjGc3MhUDRlog9yrCUS+k=
github.com/blackfireio/osinfo v1.1.0 h1:1LMkMiFL42+Brx7r3MKuf7UTlXBRgebFLJQAfoFafj8=
github.com/blackfireio/osinfo v1.1.0/go.mod h1:Pd987poVNmd5Wsx6PRPw4+w7kLlf9iJxoRKPtPAjOrA=
github.com/evilsocket/islazy v1.11.0 h1:B5w6uuS6ki6iDG+aH/RFeoMb8ijQh/pGabewqp2UeJ0=
github.com/evilsocket/islazy v1.11.0/go.mod h1:muYH4x5MB5YRdkxnrOtrXLIBX6LySj1uFIqys94LKdo=
github.com/kylelemons/godebug v1.1.0/go.mod h1:9/0rRGxNHcop5bhtWyNeEfOS8JIWk580+fNqagV/RAw=
github.com/muesli/cancelreader v0.2.2 h1:3I4Kt4BQjOR54NavqnDogx/MIoWBFa0StPA8ELUXHmA=
github.com/muesli/cancelreader v0.2.2/go.mod h1:3XuTXfFS2VjM+HTLZY9Ak0l6eUKfijIfMUZ4EgX0QYo=
github.com/olekukonko/ts v0.0.0-20171002115256-78ecb04241c0 h1:LiZB1h0GIcudcDci2bxbqI6DXV8bF8POAnArqvRrIyw=
github.com/olekukonko/ts v0.0.0-20171002115256-78ecb04241c0/go.mod h1:F/7q8/HZz+TXjlsoZQQKVYvXTZaFH4QRa3y+j1p7MS0=
github.com/pborman/getopt v1.1.0 h1:eJ3aFZroQqq0bWmraivjQNt6Dmm5M0h2JcDW38/Azb0=
github.com/pborman/getopt v1.1.0/go.mod h1:FxXoW1Re00sQG/+KIkuSqRL/LwQgSkv7uyac+STFsbk=
github.com/rivo/uniseg v0.4.7 h1:WUdvkW8uEhrYfLC4ZzdpI2ztxP1I582+49Oc5Mq64VQ=
github.com/rivo/uniseg v0.4.7/go.mod h1:FN3SvrM+Zdj16jyLfmOkMNblXMcoc8DfTHruCPUcx88=
github.com/sahilm/fuzzy v0.1.1 h1:ceu5RHF8DGgoi+/dR5PsECjCDH1BE3Fnmpo7aVXOdRA=
github.com/sahilm/fuzzy v0.1.1/go.mod h1:VFvziUEIMCrT6A6tw2RFIXPXXmzXbOsSHF0DOI8ZK9Y=
golang.org/x/sync v0.15.0 h1:KWH3jNZsfyT6xfAfKiz6MRNmd46ByHDYaZ7KSkCtdW8=
golang.org/x/sync v0.15.0/go.mod h1:1dzgHSNfp02xaA81J2MS99Qcpr2w7fw1gpm99rleRqA=
golang.org/x/sys v0.33.0 h1:q3i8TbbEz+JRD9ywIRlyRAQbM0qF7hu24q3teo2hbuw=
golang.org/x/sys v0.33.0/go.mod h1:BJP2sWEmIv4KK5OTEluFJCKSidICx8ciO85XgH3Ak8k=
golang.org/x/term v0.32.0 h1:DR4lr0TjUs3epypdhTOkMmuF5CDFJ/8pOnbzMZPQ7bg=
golang.org/x/term v0.32.0/go.mod h1:uZG1FhGx848Sqfsq4/DlJr3xGGsYMu/L5GW4abiaEPQ=
golang.org/x/text v0.26.0 h1:P42AVeLghgTYr4+xUnTRKDMqpar+PtX7KWuNQL21L8M=
golang.org/x/text v0.26.0/go.mod h1:QK15LZJUUQVJxhz7wXgxSy/CJaTFjd0G+YLonydOVQA=
